github.com/jackmordaunt/icns/v4 v4.0.0 h1:mAZ+5rI8WEV1k/DxcwQA4FPiWXuLJHjP0MlIuDdkt0M=
github.com/jackmordaunt/icns/v4 v4.0.0/go.mod h1:HakgKguVAB9QWZWj7Fb9YZlhIaH/mpKXIhQycPygcRQ=
github.com/nfnt/resize v0.0.0-20180221191011-83c6a9932646 h1:zYyBkD/k9seD2A7fsi6Oo2LfFZAehjjQMERAvZLEDnQ=
github.com/nfnt/resize v0.0.0-20180221191011-83c6a9932646/go.mod h1:jpp1/29i3P1S/RLdc7JQKbRpFeM1dOBd8T9ki5s+AY8=
golang.org/x/image v0.30.0 h1:jD5RhkmVAnjqaCUXfbGBrn3lpxbknfN9w2UhHHU+5B4=
golang.org/x/image v0.30.0/go.mod h1:SAEUTxCCMWSrJcCy/4HwavEsfZZJlYxeHLc6tTiAe/c=
golang.org/x/sys v0.25.0 h1:r+8e+loiHxRqhXVl6ML1nO3l1+oFoWbnlu2Ehimmi34=
golang.org/x/sys v0.25.0/go.mod h1:/VUhepiaJMQUp4+oa/7Zr1D23ma6VTLIYjOOTFZPUcA=
