github.com/jackmordaunt/icns/v4 v4.0.0 h1:mAZ+5rI8WEV1k/DxcwQA4FPiWXuLJHjP0MlIuDdkt0M=
github.com/jackmordaunt/icns/v4 v4.0.0/go.mod h1:HakgKguVAB9QWZWj7Fb9YZlhIaH/mpKXIhQycPygcRQ=
github.com/nfnt/resize v0.0.0-20180221191011-83c6a9932646 h1:zYyBkD/k9seD2A7fsi6Oo2LfFZAehjjQMERAvZLEDnQ=
github.com/nfnt/resize v0.0.0-20180221191011-83c6a9932646/go.mod h1:jpp1/29i3P1S/RLdc7JQKbRpFeM1dOBd8T9ki5s+AY8=
golang.org/x/sys v0.47.0 h1:o7XGOvZQCADBQQ4Y7VNq2dRWQR7JmOUW8Kxx4ZsNgWs=
golang.org/x/sys v0.47.0/go.mod h1:4GL1E5IUh+htKOUEOaiffhrAeqysfVGipDYzABqnCmw=
